
Microsoft Visual Studio Solution File, Format Version 12.00
# Visual Studio Version 17
VisualStudioVersion = 17.5.002.0
MinimumVisualStudioVersion = 10.0.40219.1
Project("{9A19103F-16F7-4668-BE54-9A1E7A4F7556}") = "4_2", "4_2.csproj", "{D4D7C6E2-4387-4F9B-AA71-0DF6D2265959}"
EndProject
Global
	GlobalSection(SolutionConfigurationPlatforms) = preSolution
		Debug|Any CPU = Debug|Any CPU
		Release|Any CPU = Release|Any CPU
	EndGlobalSection
	GlobalSection(ProjectConfigurationPlatforms) = postSolution
		{D4D7C6E2-4387-4F9B-AA71-0DF6D2265959}.Debug|Any CPU.ActiveCfg = Debug|Any CPU
		{D4D7C6E2-4387-4F9B-AA71-0DF6D2265959}.Debug|Any CPU.Build.0 = Debug|Any CPU
		{D4D7C6E2-4387-4F9B-AA71-0DF6D2265959}.Release|Any CPU.ActiveCfg = Release|Any CPU
		{D4D7C6E2-4387-4F9B-AA71-0DF6D2265959}.Release|Any CPU.Build.0 = Release|Any CPU
	EndGlobalSection
	GlobalSection(SolutionProperties) = preSolution
		HideSolutionNode = FALSE
	EndGlobalSection
	GlobalSection(ExtensibilityGlobals) = postSolution
		SolutionGuid = {476DD43A-71AB-40BE-A9C6-6098495D65DA}
	EndGlobalSection
EndGlobal
